
Microsoft Visual Studio Solution File, Format Version 12.00
# Visual Studio Version 16
VisualStudioVersion = 16.0.31205.134
MinimumVisualStudioVersion = 10.0.40219.1
Project("{D2ABAB84-BF74-430A-B69E-9DC6D40DDA17}") = "SSAS_OLAP_AMAZONE", "SSAS_OLAP_AMAZONE\SSAS_OLAP_AMAZONE.dwproj", "{42E8AA5F-1D31-4DA4-8C99-0AFE9F058CFD}"
EndProject
Global
	GlobalSection(SolutionConfigurationPlatforms) = preSolution
		Development|Default = Development|Default
	EndGlobalSection
	GlobalSection(ProjectConfigurationPlatforms) = postSolution
		{42E8AA5F-1D31-4DA4-8C99-0AFE9F058CFD}.Development|Default.ActiveCfg = Development
		{42E8AA5F-1D31-4DA4-8C99-0AFE9F058CFD}.Development|Default.Build.0 = Development
		{42E8AA5F-1D31-4DA4-8C99-0AFE9F058CFD}.Development|Default.Deploy.0 = Development
	EndGlobalSection
	GlobalSection(SolutionProperties) = preSolution
		HideSolutionNode = FALSE
	EndGlobalSection
	GlobalSection(ExtensibilityGlobals) = postSolution
		SolutionGuid = {1F179EC2-F616-48A0-BF1A-C9810C57C94D}
	EndGlobalSection
EndGlobal
